
Microsoft Visual Studio Solution File, Format Version 12.00
# Visual Studio Version 17
VisualStudioVersion = 17.14.36511.14
MinimumVisualStudioVersion = 10.0.40219.1
Project("{FAE04EC0-301F-11D3-BF4B-00C04F79EFBC}") = "DXWebApplication4", "DXWebApplication4\DXWebApplication4.csproj", "{35BB16EF-E458-4DAA-BB04-5568FD99DB02}"
EndProject
Global
	GlobalSection(SolutionConfigurationPlatforms) = preSolution
		Debug|Any CPU = Debug|Any CPU
		Release|Any CPU = Release|Any CPU
	EndGlobalSection
	GlobalSection(ProjectConfigurationPlatforms) = postSolution
		{35BB16EF-E458-4DAA-BB04-5568FD99DB02}.Debug|Any CPU.ActiveCfg = Debug|Any CPU
		{35BB16EF-E458-4DAA-BB04-5568FD99DB02}.Debug|Any CPU.Build.0 = Debug|Any CPU
		{35BB16EF-E458-4DAA-BB04-5568FD99DB02}.Release|Any CPU.ActiveCfg = Release|Any CPU
		{35BB16EF-E458-4DAA-BB04-5568FD99DB02}.Release|Any CPU.Build.0 = Release|Any CPU
	EndGlobalSection
	GlobalSection(SolutionProperties) = preSolution
		HideSolutionNode = FALSE
	EndGlobalSection
EndGlobal
